
Microsoft Visual Studio Solution File, Format Version 12.00
# Visual Studio Version 17
VisualStudioVersion = 17.7.34024.191
MinimumVisualStudioVersion = 10.0.40219.1
Project("{FAE04EC0-301F-11D3-BF4B-00C04F79EFBC}") = "KabirovTextAnalyzer", "KabirovTextAnalyzer\KabirovTextAnalyzer.csproj", "{10485DB6-0572-4AD7-BEFD-AA5121F606DA}"
EndProject
Global
	GlobalSection(SolutionConfigurationPlatforms) = preSolution
		Debug|Any CPU = Debug|Any CPU
		Release|Any CPU = Release|Any CPU
	EndGlobalSection
	GlobalSection(ProjectConfigurationPlatforms) = postSolution
		{10485DB6-0572-4AD7-BEFD-AA5121F606DA}.Debug|Any CPU.ActiveCfg = Debug|Any CPU
		{10485DB6-0572-4AD7-BEFD-AA5121F606DA}.Debug|Any CPU.Build.0 = Debug|Any CPU
		{10485DB6-0572-4AD7-BEFD-AA5121F606DA}.Release|Any CPU.ActiveCfg = Release|Any CPU
		{10485DB6-0572-4AD7-BEFD-AA5121F606DA}.Release|Any CPU.Build.0 = Release|Any CPU
	EndGlobalSection
	GlobalSection(SolutionProperties) = preSolution
		HideSolutionNode = FALSE
	EndGlobalSection
	GlobalSection(ExtensibilityGlobals) = postSolution
		SolutionGuid = {B1A931B8-262E-419B-9E61-0CE11C093A6B}
	EndGlobalSection
EndGlobal
